
Microsoft Visual Studio Solution File, Format Version 12.00
# Visual Studio Version 17
VisualStudioVersion = 17.14.36301.6 d17.14
MinimumVisualStudioVersion = 10.0.40219.1
Project("{FAE04EC0-301F-11D3-BF4B-00C04F79EFBC}") = "cargo-tetris-api", "cargo-tetris-api\cargo-tetris-api.csproj", "{2F1D2A14-CBDD-4BFC-B224-8F5BA7832E02}"
EndProject
Global
	GlobalSection(SolutionConfigurationPlatforms) = preSolution
		Debug|Any CPU = Debug|Any CPU
		Release|Any CPU = Release|Any CPU
	EndGlobalSection
	GlobalSection(ProjectConfigurationPlatforms) = postSolution
		{2F1D2A14-CBDD-4BFC-B224-8F5BA7832E02}.Debug|Any CPU.ActiveCfg = Debug|Any CPU
		{2F1D2A14-CBDD-4BFC-B224-8F5BA7832E02}.Debug|Any CPU.Build.0 = Debug|Any CPU
		{2F1D2A14-CBDD-4BFC-B224-8F5BA7832E02}.Release|Any CPU.ActiveCfg = Release|Any CPU
		{2F1D2A14-CBDD-4BFC-B224-8F5BA7832E02}.Release|Any CPU.Build.0 = Release|Any CPU
	EndGlobalSection
	GlobalSection(SolutionProperties) = preSolution
		HideSolutionNode = FALSE
	EndGlobalSection
	GlobalSection(ExtensibilityGlobals) = postSolution
		SolutionGuid = {C41A343C-25FB-4EA4-81C0-72BA9FBEFF35}
	EndGlobalSection
EndGlobal
